
Microsoft Visual Studio Solution File, Format Version 12.00
# Visual Studio 2012
Project("{FAE04EC0-301F-11D3-BF4B-00C04F79EFBC}") = "DotMetamod", "DotMetamod\DotMetamod.csproj", "{EBD34B72-272C-46C6-9ADE-77F2109608D7}"
EndProject
Project("{FAE04EC0-301F-11D3-BF4B-00C04F79EFBC}") = "DotHamsandwich", "DotHamsandwich\DotHamsandwich.csproj", "{10FA3004-9617-4020-92A4-50CE79E95048}"
EndProject
Global
	GlobalSection(SolutionConfigurationPlatforms) = preSolution
		Debug|Any CPU = Debug|Any CPU
		Release|Any CPU = Release|Any CPU
	EndGlobalSection
	GlobalSection(ProjectConfigurationPlatforms) = postSolution
		{10FA3004-9617-4020-92A4-50CE79E95048}.Debug|Any CPU.ActiveCfg = Debug|Any CPU
		{10FA3004-9617-4020-92A4-50CE79E95048}.Debug|Any CPU.Build.0 = Debug|Any CPU
		{10FA3004-9617-4020-92A4-50CE79E95048}.Release|Any CPU.ActiveCfg = Release|Any CPU
		{10FA3004-9617-4020-92A4-50CE79E95048}.Release|Any CPU.Build.0 = Release|Any CPU
		{EBD34B72-272C-46C6-9ADE-77F2109608D7}.Debug|Any CPU.ActiveCfg = Debug|Any CPU
		{EBD34B72-272C-46C6-9ADE-77F2109608D7}.Debug|Any CPU.Build.0 = Debug|Any CPU
		{EBD34B72-272C-46C6-9ADE-77F2109608D7}.Release|Any CPU.ActiveCfg = Release|Any CPU
		{EBD34B72-272C-46C6-9ADE-77F2109608D7}.Release|Any CPU.Build.0 = Release|Any CPU
	EndGlobalSection
	GlobalSection(MonoDevelopProperties) = preSolution
		StartupItem = DotMetamod\DotMetamod.csproj
	EndGlobalSection
EndGlobal
